
Microsoft Visual Studio Solution File, Format Version 12.00
# Visual Studio Version 17
VisualStudioVersion = 17.14.36327.8
MinimumVisualStudioVersion = 10.0.40219.1
Project("{FAE04EC0-301F-11D3-BF4B-00C04F79EFBC}") = "Pallas.API", "Pallas.API\Pallas.API.csproj", "{F9F424B9-0494-B698-78CE-1E5F45FA3EED}"
EndProject
Project("{FAE04EC0-301F-11D3-BF4B-00C04F79EFBC}") = "Pallas.Test", "Pallas.Test\Pallas.Test.csproj", "{B427FE0A-B47E-43CB-BF79-9D36943C8284}"
EndProject
Global
	GlobalSection(SolutionConfigurationPlatforms) = preSolution
		Debug|Any CPU = Debug|Any CPU
		Release|Any CPU = Release|Any CPU
	EndGlobalSection
	GlobalSection(ProjectConfigurationPlatforms) = postSolution
		{F9F424B9-0494-B698-78CE-1E5F45FA3EED}.Debug|Any CPU.ActiveCfg = Debug|Any CPU
		{F9F424B9-0494-B698-78CE-1E5F45FA3EED}.Debug|Any CPU.Build.0 = Debug|Any CPU
		{F9F424B9-0494-B698-78CE-1E5F45FA3EED}.Release|Any CPU.ActiveCfg = Release|Any CPU
		{F9F424B9-0494-B698-78CE-1E5F45FA3EED}.Release|Any CPU.Build.0 = Release|Any CPU
		{B427FE0A-B47E-43CB-BF79-9D36943C8284}.Debug|Any CPU.ActiveCfg = Debug|Any CPU
		{B427FE0A-B47E-43CB-BF79-9D36943C8284}.Debug|Any CPU.Build.0 = Debug|Any CPU
		{B427FE0A-B47E-43CB-BF79-9D36943C8284}.Release|Any CPU.ActiveCfg = Release|Any CPU
		{B427FE0A-B47E-43CB-BF79-9D36943C8284}.Release|Any CPU.Build.0 = Release|Any CPU
	EndGlobalSection
	GlobalSection(SolutionProperties) = preSolution
		HideSolutionNode = FALSE
	EndGlobalSection
	GlobalSection(ExtensibilityGlobals) = postSolution
		SolutionGuid = {F4EE1A86-7B10-4163-AA32-896ED311FB03}
	EndGlobalSection
EndGlobal
